
Microsoft Visual Studio Solution File, Format Version 12.00
# Visual Studio 15
Project("{FAE04EC0-301F-11D3-BF4B-00C04F79EFBC}") = "TennisMatch", "TennisMatch\TennisMatch.csproj", "{5BC25CCD-892C-4294-BDAA-73D0B209890F}"
EndProject
Project("{2150E333-8FDC-42A3-9474-1A3956D46DE8}") = "Docs", "Docs", "{A0665887-8AD7-4369-8FC0-7345A0699864}"
EndProject
Global
	GlobalSection(SolutionConfigurationPlatforms) = preSolution
		Debug|Any CPU = Debug|Any CPU
		Release|Any CPU = Release|Any CPU
	EndGlobalSection
	GlobalSection(ProjectConfigurationPlatforms) = postSolution
		{5BC25CCD-892C-4294-BDAA-73D0B209890F}.Debug|Any CPU.ActiveCfg = Debug|Any CPU
		{5BC25CCD-892C-4294-BDAA-73D0B209890F}.Debug|Any CPU.Build.0 = Debug|Any CPU
		{5BC25CCD-892C-4294-BDAA-73D0B209890F}.Release|Any CPU.ActiveCfg = Release|Any CPU
		{5BC25CCD-892C-4294-BDAA-73D0B209890F}.Release|Any CPU.Build.0 = Release|Any CPU
	EndGlobalSection
EndGlobal
